
Microsoft Visual Studio Solution File, Format Version 12.00
# Visual Studio Version 16
VisualStudioVersion = 16.0.30621.155
MinimumVisualStudioVersion = 10.0.40219.1
Project("{FAE04EC0-301F-11D3-BF4B-00C04F79EFBC}") = "KomodoInsurance", "KomodoInsurance\KomodoInsurance.csproj", "{29329EA8-8845-43F4-AFEC-D4A344B84515}"
EndProject
Project("{2150E333-8FDC-42A3-9474-1A3956D46DE8}") = "Solution Items", "Solution Items", "{6ADA2924-6C28-4CE2-BC08-3DFE96F7BF99}"
EndProject
Global
	GlobalSection(SolutionConfigurationPlatforms) = preSolution
		Debug|Any CPU = Debug|Any CPU
		Release|Any CPU = Release|Any CPU
	EndGlobalSection
	GlobalSection(ProjectConfigurationPlatforms) = postSolution
		{29329EA8-8845-43F4-AFEC-D4A344B84515}.Debug|Any CPU.ActiveCfg = Debug|Any CPU
		{29329EA8-8845-43F4-AFEC-D4A344B84515}.Debug|Any CPU.Build.0 = Debug|Any CPU
		{29329EA8-8845-43F4-AFEC-D4A344B84515}.Release|Any CPU.ActiveCfg = Release|Any CPU
		{29329EA8-8845-43F4-AFEC-D4A344B84515}.Release|Any CPU.Build.0 = Release|Any CPU
	EndGlobalSection
	GlobalSection(SolutionProperties) = preSolution
		HideSolutionNode = FALSE
	EndGlobalSection
	GlobalSection(ExtensibilityGlobals) = postSolution
		SolutionGuid = {2405419A-0F9B-4E6B-B443-EEF76D8172DE}
	EndGlobalSection
EndGlobal
